{
  "name": "rbx-dom-basic-consumer",
  "lockfileVersion": 3,
  "requires": true,
  "packages": {
    "": {
      "name": "rbx-dom-basic-consumer",
      "dependencies": {
        "rbx-dom": "file:../.."
      }
    },
    "../..": {
      "name": "rbx-dom",
      "version": "0.1.0",
      "license": "MIT",
      "devDependencies": {
        "@napi-rs/cli": "^3.8.6"
      },
      "engines": {
        "node": ">=20.17"
      }
    },
    "node_modules/rbx-dom": {
      "resolved": "../..",
      "link": true
    }
  }
}
